// !$*UTF8*$!
{
	archiveVersion = 1;
	classes = {
	};
	objectVersion = 77;
	objects = {

/* Begin PBXBuildFile section */
		018A4F722E7595A0C3F86C09 /* OnboardingCoordinator.swift in Sources */ = {isa = PBXBuildFile; fileRef = 08BD7B13D467EA02731F0996 /* OnboardingCoordinator.swift */; };
		0FAFA853A5DB243C03390AD0 /* OverdueSectionView.swift in Sources */ = {isa = PBXBuildFile; fileRef = 06E9779BEA3CDD3B156A9749 /* OverdueSectionView.swift */; };
		19F65A55CAE298FA6C3194F5 /* CatalogTypes.swift in Sources */ = {isa = PBXBuildFile; fileRef = 2D1259F528C385140539CAE1 /* CatalogTypes.swift */; };
		1F14AC2A7D778CD47854C820 /* PlantDetailView.swift in Sources */ = {isa = PBXBuildFile; fileRef = 3C306C747EA4663BC55286DB /* PlantDetailView.swift */; };
		2386509589D3B3A3FDEAD441 /* OnboardingZipCodeView.swift in Sources */ = {isa = PBXBuildFile; fileRef = 809CA5478E2EFDA791ED7876 /* OnboardingZipCodeView.swift */; };
		2653D8DF67CD932D826ED570 /* TaskRowView.swift in Sources */ = {isa = PBXBuildFile; fileRef = 77390E3BF3D2C9E933A273EF /* TaskRowView.swift */; };
		27D2D9DB38D1770818BD9502 /* PlantRegionalVariant.swift in Sources */ = {isa = PBXBuildFile; fileRef = FB46D448DB213826DC78BCCC /* PlantRegionalVariant.swift */; };
		31B1912F887D91A3F6B178C8 /* ExploreView.swift in Sources */ = {isa = PBXBuildFile; fileRef = 7C694D8B8E27A6C595B0DE56 /* ExploreView.swift */; };
		36DC89D5C9F30C773C028C93 /* CareDetailView.swift in Sources */ = {isa = PBXBuildFile; fileRef = C1040F505A9D748C2711B1B6 /* CareDetailView.swift */; };
		3BD29E6B1E5E79D9C85B0375 /* GardenViewModel.swift in Sources */ = {isa = PBXBuildFile; fileRef = 0BDC1D51C1CBBDD27DE251E7 /* GardenViewModel.swift */; };
		3C226B5711ECE9766262CC54 /* Assets.xcassets in Resources */ = {isa = PBXBuildFile; fileRef = 99EBE558FB4EB0C47DE0B191 /* Assets.xcassets */; };
		3C5EE351C28AF920D118553C /* WeekStripView.swift in Sources */ = {isa = PBXBuildFile; fileRef = 8ADA335329706044BDA65359 /* WeekStripView.swift */; };
		3CD004476E8279EE92D28224 /* PlantingDetailView.swift in Sources */ = {isa = PBXBuildFile; fileRef = 891D4191639B677064F177D6 /* PlantingDetailView.swift */; };
		45CC11937941017391A892AD /* OnboardingWelcomeView.swift in Sources */ = {isa = PBXBuildFile; fileRef = 306BF4A7EB344E4AB8CB4B0D /* OnboardingWelcomeView.swift */; };
		465CAFBFDCC8D63D1BA7BCE9 /* Supabase in Frameworks */ = {isa = PBXBuildFile; productRef = 90D4100AC0E5005B4B7843B1 /* Supabase */; };
		4BA88A46BADAB4DC6F16D38D /* MainTabView.swift in Sources */ = {isa = PBXBuildFile; fileRef = B905F84493EB9EB95DA4BD19 /* MainTabView.swift */; };
		50B86E705DD0DC4E04BCA441 /* GardenGenieApp.swift in Sources */ = {isa = PBXBuildFile; fileRef = F78BC3BEE8C7E6322988001A /* GardenGenieApp.swift */; };
		57ACEB1CC8DEEB004DA899FB /* MyGardenStore.swift in Sources */ = {isa = PBXBuildFile; fileRef = 0FE461A725D5AFCD6B189C1F /* MyGardenStore.swift */; };
		58523245AB374F599BEE422A /* PlantingCompactCard.swift in Sources */ = {isa = PBXBuildFile; fileRef = D79379145143BA2DE3375BFB /* PlantingCompactCard.swift */; };
		6F50D399D3EDDAE8D94AB9AC /* SupabaseClient.swift in Sources */ = {isa = PBXBuildFile; fileRef = 17D901BB48E34278A4810BFE /* SupabaseClient.swift */; };
		71245B635D98B55A671DBB8A /* OnboardingZoneResultView.swift in Sources */ = {isa = PBXBuildFile; fileRef = 6C3C4B826387FCE1A891A570 /* OnboardingZoneResultView.swift */; };
		748CF7E21F1507F80CE2920B /* USDAZoneLookup.swift in Sources */ = {isa = PBXBuildFile; fileRef = 0B95741C381666DEBD83479F /* USDAZoneLookup.swift */; };
		7977CC21A1B5E032D9F996E1 /* SearchSheet.swift in Sources */ = {isa = PBXBuildFile; fileRef = FE0A8C6E74F3AD055B2FBD13 /* SearchSheet.swift */; };
		A913746598AD483C8A250EB3 /* PlantSearchLoadingView.swift in Sources */ = {isa = PBXBuildFile; fileRef = A913746598BD483C8A250EB3 /* PlantSearchLoadingView.swift */; };
		799A40012DE86C885BBB6FF2 /* ScheduleTaskSheet.swift in Sources */ = {isa = PBXBuildFile; fileRef = D8EBF596B00267E2B5F4FA44 /* ScheduleTaskSheet.swift */; };
		7EA3D763C0B1D2E3CDA8DAFB /* TaskRecurrence.swift in Sources */ = {isa = PBXBuildFile; fileRef = C914D04A216FEC118401C874 /* TaskRecurrence.swift */; };
		81EAAE7879009C60267963E2 /* TaskKind.swift in Sources */ = {isa = PBXBuildFile; fileRef = BB7B6C980DF3216552C58C4A /* TaskKind.swift */; };
		82DDDFD5C8169F1AB88034B2 /* QuickAddSheet.swift in Sources */ = {isa = PBXBuildFile; fileRef = B03EE3D674CE449E2431DB4E /* QuickAddSheet.swift */; };
		851A9D13DADDB9486B63BD3B /* GardenTask.swift in Sources */ = {isa = PBXBuildFile; fileRef = 025BDB10BC0ACAB532966CEB /* GardenTask.swift */; };
		8A77ACEBFCB603373E755847 /* PlantGridView.swift in Sources */ = {isa = PBXBuildFile; fileRef = 21B1A6271ABE9BFBD2C568F0 /* PlantGridView.swift */; };
		8ED6379937719877389C3608 /* TaskDestinationView.swift in Sources */ = {isa = PBXBuildFile; fileRef = C24332559CDA4FF8E1EB8A49 /* TaskDestinationView.swift */; };
		90943BE8F1F18461279466CD /* TaskViewModel.swift in Sources */ = {isa = PBXBuildFile; fileRef = 0B98515D74BC8A81A012B6DB /* TaskViewModel.swift */; };
		9188D108526ECE074E42D512 /* AgendaDayHeader.swift in Sources */ = {isa = PBXBuildFile; fileRef = A12F3ACDBDB9CD2A8020C65C /* AgendaDayHeader.swift */; };
		923B7CC33F1C777C6987235F /* TaskDateLabel.swift in Sources */ = {isa = PBXBuildFile; fileRef = 9550F790FA9770B9EAF6E015 /* TaskDateLabel.swift */; };
		9481512F0D0A9BBC831E168E /* SettingsView.swift in Sources */ = {isa = PBXBuildFile; fileRef = 8704852BAD4B65B983767220 /* SettingsView.swift */; };
		A07FC85BBFFCF1E0BB80A61A /* MyGardenView.swift in Sources */ = {isa = PBXBuildFile; fileRef = 9C0A46C8FD1EE5CBEE159F74 /* MyGardenView.swift */; };
		A18854385606D3BF5E66EEC0 /* Plant.swift in Sources */ = {isa = PBXBuildFile; fileRef = C1B452E7A30B9D1847482194 /* Plant.swift */; };
		A1E3A0DDCB44075C0232C1E6 /* OnboardingFeaturesView.swift in Sources */ = {isa = PBXBuildFile; fileRef = A7CD54BD4104F3EC9CC36941 /* OnboardingFeaturesView.swift */; };
		A201E116C0A3E277D7B0172F /* PlantCardView.swift in Sources */ = {isa = PBXBuildFile; fileRef = 4C5B6B5E0AB5E6E0B9329370 /* PlantCardView.swift */; };
		B51192DD1DE2C112030CB045 /* TasksView.swift in Sources */ = {isa = PBXBuildFile; fileRef = FA6B15379EEF655F7021EC19 /* TasksView.swift */; };
		B56718162FA3BB5BB7201AF3 /* PlantCatalogService.swift in Sources */ = {isa = PBXBuildFile; fileRef = D89CF77604B20B9D7551EADF /* PlantCatalogService.swift */; };
		C568250CFA44A580DA16E1DC /* CatalogPlant.swift in Sources */ = {isa = PBXBuildFile; fileRef = 220971A13C516858C29CD150 /* CatalogPlant.swift */; };
		CF88C73D2874A4292F095620 /* AppTheme.swift in Sources */ = {isa = PBXBuildFile; fileRef = D417A902A6ADFF22B0A6F1EC /* AppTheme.swift */; };
		A1B2C3D4E5F6A7B8C9D0E1F2 /* Image+Symbol.swift in Sources */ = {isa = PBXBuildFile; fileRef = F2E1D0C9B8A7F6E5D4C3B2A1 /* Image+Symbol.swift */; };
		B3C4D5E6F7A8B9C0D1E2F3A4 /* IconDebugView.swift in Sources */ = {isa = PBXBuildFile; fileRef = C4D5E6F7A8B9C0D1E2F3A4B5 /* IconDebugView.swift */; };
		D170D4E082338A782103E664 /* CatalogPlantAdapter.swift in Sources */ = {isa = PBXBuildFile; fileRef = 8A161FFB4CAF3B4F8DC56059 /* CatalogPlantAdapter.swift */; };
		D8F7E9189F21E5E8934383DA /* AddTaskSheet.swift in Sources */ = {isa = PBXBuildFile; fileRef = 2E257F16410F743A1F948AF3 /* AddTaskSheet.swift */; };
		EA0766A6AEBFA2EA2B166586 /* MonthDateParser.swift in Sources */ = {isa = PBXBuildFile; fileRef = 41B35F7A1BF77EF084A2E28C /* MonthDateParser.swift */; };
		EB6EA988E0D4B4CEEC1ED39C /* HeroPlantCard.swift in Sources */ = {isa = PBXBuildFile; fileRef = E94B35CCBAA1ED4504B5D88A /* HeroPlantCard.swift */; };
		F0E41A527EC900695568E1A5 /* OnboardingPageIndicator.swift in Sources */ = {isa = PBXBuildFile; fileRef = 4C4AC0E3097CB0D8858E5F73 /* OnboardingPageIndicator.swift */; };
		F45ED16A97B276335282DC23 /* Plant+JSONB.swift in Sources */ = {isa = PBXBuildFile; fileRef = 98BF44D05EFC6E88D6CE1790 /* Plant+JSONB.swift */; };
/* End PBXBuildFile section */

/* Begin PBXFileReference section */
		025BDB10BC0ACAB532966CEB /* GardenTask.swift */ = {isa = PBXFileReference; lastKnownFileType = sourcecode.swift; path = GardenTask.swift; sourceTree = "<group>"; };
		06E9779BEA3CDD3B156A9749 /* OverdueSectionView.swift */ = {isa = PBXFileReference; lastKnownFileType = sourcecode.swift; path = OverdueSectionView.swift; sourceTree = "<group>"; };
		08BD7B13D467EA02731F0996 /* OnboardingCoordinator.swift */ = {isa = PBXFileReference; lastKnownFileType = sourcecode.swift; path = OnboardingCoordinator.swift; sourceTree = "<group>"; };
		0B95741C381666DEBD83479F /* USDAZoneLookup.swift */ = {isa = PBXFileReference; lastKnownFileType = sourcecode.swift; path = USDAZoneLookup.swift; sourceTree = "<group>"; };
		0B98515D74BC8A81A012B6DB /* TaskViewModel.swift */ = {isa = PBXFileReference; lastKnownFileType = sourcecode.swift; path = TaskViewModel.swift; sourceTree = "<group>"; };
		0BDC1D51C1CBBDD27DE251E7 /* GardenViewModel.swift */ = {isa = PBXFileReference; lastKnownFileType = sourcecode.swift; path = GardenViewModel.swift; sourceTree = "<group>"; };
		0FE461A725D5AFCD6B189C1F /* MyGardenStore.swift */ = {isa = PBXFileReference; lastKnownFileType = sourcecode.swift; path = MyGardenStore.swift; sourceTree = "<group>"; };
		17D901BB48E34278A4810BFE /* SupabaseClient.swift */ = {isa = PBXFileReference; lastKnownFileType = sourcecode.swift; path = SupabaseClient.swift; sourceTree = "<group>"; };
		21B1A6271ABE9BFBD2C568F0 /* PlantGridView.swift */ = {isa = PBXFileReference; lastKnownFileType = sourcecode.swift; path = PlantGridView.swift; sourceTree = "<group>"; };
		220971A13C516858C29CD150 /* CatalogPlant.swift */ = {isa = PBXFileReference; lastKnownFileType = sourcecode.swift; path = CatalogPlant.swift; sourceTree = "<group>"; };
		2D1259F528C385140539CAE1 /* CatalogTypes.swift */ = {isa = PBXFileReference; lastKnownFileType = sourcecode.swift; path = CatalogTypes.swift; sourceTree = "<group>"; };
		2E257F16410F743A1F948AF3 /* AddTaskSheet.swift */ = {isa = PBXFileReference; lastKnownFileType = sourcecode.swift; path = AddTaskSheet.swift; sourceTree = "<group>"; };
		306BF4A7EB344E4AB8CB4B0D /* OnboardingWelcomeView.swift */ = {isa = PBXFileReference; lastKnownFileType = sourcecode.swift; path = OnboardingWelcomeView.swift; sourceTree = "<group>"; };
		3C306C747EA4663BC55286DB /* PlantDetailView.swift */ = {isa = PBXFileReference; lastKnownFileType = sourcecode.swift; path = PlantDetailView.swift; sourceTree = "<group>"; };
		41B35F7A1BF77EF084A2E28C /* MonthDateParser.swift */ = {isa = PBXFileReference; lastKnownFileType = sourcecode.swift; path = MonthDateParser.swift; sourceTree = "<group>"; };
		4C4AC0E3097CB0D8858E5F73 /* OnboardingPageIndicator.swift */ = {isa = PBXFileReference; lastKnownFileType = sourcecode.swift; path = OnboardingPageIndicator.swift; sourceTree = "<group>"; };
		4C5B6B5E0AB5E6E0B9329370 /* PlantCardView.swift */ = {isa = PBXFileReference; lastKnownFileType = sourcecode.swift; path = PlantCardView.swift; sourceTree = "<group>"; };
		6C3C4B826387FCE1A891A570 /* OnboardingZoneResultView.swift */ = {isa = PBXFileReference; lastKnownFileType = sourcecode.swift; path = OnboardingZoneResultView.swift; sourceTree = "<group>"; };
		77390E3BF3D2C9E933A273EF /* TaskRowView.swift */ = {isa = PBXFileReference; lastKnownFileType = sourcecode.swift; path = TaskRowView.swift; sourceTree = "<group>"; };
		7C694D8B8E27A6C595B0DE56 /* ExploreView.swift */ = {isa = PBXFileReference; lastKnownFileType = sourcecode.swift; path = ExploreView.swift; sourceTree = "<group>"; };
		809CA5478E2EFDA791ED7876 /* OnboardingZipCodeView.swift */ = {isa = PBXFileReference; lastKnownFileType = sourcecode.swift; path = OnboardingZipCodeView.swift; sourceTree = "<group>"; };
		8704852BAD4B65B983767220 /* SettingsView.swift */ = {isa = PBXFileReference; lastKnownFileType = sourcecode.swift; path = SettingsView.swift; sourceTree = "<group>"; };
		891D4191639B677064F177D6 /* PlantingDetailView.swift */ = {isa = PBXFileReference; lastKnownFileType = sourcecode.swift; path = PlantingDetailView.swift; sourceTree = "<group>"; };
		8A161FFB4CAF3B4F8DC56059 /* CatalogPlantAdapter.swift */ = {isa = PBXFileReference; lastKnownFileType = sourcecode.swift; path = CatalogPlantAdapter.swift; sourceTree = "<group>"; };
		8ADA335329706044BDA65359 /* WeekStripView.swift */ = {isa = PBXFileReference; lastKnownFileType = sourcecode.swift; path = WeekStripView.swift; sourceTree = "<group>"; };
		9550F790FA9770B9EAF6E015 /* TaskDateLabel.swift */ = {isa = PBXFileReference; lastKnownFileType = sourcecode.swift; path = TaskDateLabel.swift; sourceTree = "<group>"; };
		98BF44D05EFC6E88D6CE1790 /* Plant+JSONB.swift */ = {isa = PBXFileReference; lastKnownFileType = sourcecode.swift; path = "Plant+JSONB.swift"; sourceTree = "<group>"; };
		99EBE558FB4EB0C47DE0B191 /* Assets.xcassets */ = {isa = PBXFileReference; lastKnownFileType = folder.assetcatalog; path = Assets.xcassets; sourceTree = "<group>"; };
		9C0A46C8FD1EE5CBEE159F74 /* MyGardenView.swift */ = {isa = PBXFileReference; lastKnownFileType = sourcecode.swift; path = MyGardenView.swift; sourceTree = "<group>"; };
		A12F3ACDBDB9CD2A8020C65C /* AgendaDayHeader.swift */ = {isa = PBXFileReference; lastKnownFileType = sourcecode.swift; path = AgendaDayHeader.swift; sourceTree = "<group>"; };
		A7CD54BD4104F3EC9CC36941 /* OnboardingFeaturesView.swift */ = {isa = PBXFileReference; lastKnownFileType = sourcecode.swift; path = OnboardingFeaturesView.swift; sourceTree = "<group>"; };
		ACE290D3BA454BBFA7164165 /* GardenGenie.app */ = {isa = PBXFileReference; includeInIndex = 0; lastKnownFileType = wrapper.application; path = GardenGenie.app; sourceTree = BUILT_PRODUCTS_DIR; };
		B03EE3D674CE449E2431DB4E /* QuickAddSheet.swift */ = {isa = PBXFileReference; lastKnownFileType = sourcecode.swift; path = QuickAddSheet.swift; sourceTree = "<group>"; };
		B905F84493EB9EB95DA4BD19 /* MainTabView.swift */ = {isa = PBXFileReference; lastKnownFileType = sourcecode.swift; path = MainTabView.swift; sourceTree = "<group>"; };
		BB7B6C980DF3216552C58C4A /* TaskKind.swift */ = {isa = PBXFileReference; lastKnownFileType = sourcecode.swift; path = TaskKind.swift; sourceTree = "<group>"; };
		C1040F505A9D748C2711B1B6 /* CareDetailView.swift */ = {isa = PBXFileReference; lastKnownFileType = sourcecode.swift; path = CareDetailView.swift; sourceTree = "<group>"; };
		C1B452E7A30B9D1847482194 /* Plant.swift */ = {isa = PBXFileReference; lastKnownFileType = sourcecode.swift; path = Plant.swift; sourceTree = "<group>"; };
		C24332559CDA4FF8E1EB8A49 /* TaskDestinationView.swift */ = {isa = PBXFileReference; lastKnownFileType = sourcecode.swift; path = TaskDestinationView.swift; sourceTree = "<group>"; };
		C914D04A216FEC118401C874 /* TaskRecurrence.swift */ = {isa = PBXFileReference; lastKnownFileType = sourcecode.swift; path = TaskRecurrence.swift; sourceTree = "<group>"; };
		D417A902A6ADFF22B0A6F1EC /* AppTheme.swift */ = {isa = PBXFileReference; lastKnownFileType = sourcecode.swift; path = AppTheme.swift; sourceTree = "<group>"; };
		F2E1D0C9B8A7F6E5D4C3B2A1 /* Image+Symbol.swift */ = {isa = PBXFileReference; lastKnownFileType = sourcecode.swift; path = "Image+Symbol.swift"; sourceTree = "<group>"; };
		C4D5E6F7A8B9C0D1E2F3A4B5 /* IconDebugView.swift */ = {isa = PBXFileReference; lastKnownFileType = sourcecode.swift; path = IconDebugView.swift; sourceTree = "<group>"; };
		D79379145143BA2DE3375BFB /* PlantingCompactCard.swift */ = {isa = PBXFileReference; lastKnownFileType = sourcecode.swift; path = PlantingCompactCard.swift; sourceTree = "<group>"; };
		D89CF77604B20B9D7551EADF /* PlantCatalogService.swift */ = {isa = PBXFileReference; lastKnownFileType = sourcecode.swift; path = PlantCatalogService.swift; sourceTree = "<group>"; };
		D8EBF596B00267E2B5F4FA44 /* ScheduleTaskSheet.swift */ = {isa = PBXFileReference; lastKnownFileType = sourcecode.swift; path = ScheduleTaskSheet.swift; sourceTree = "<group>"; };
		E94B35CCBAA1ED4504B5D88A /* HeroPlantCard.swift */ = {isa = PBXFileReference; lastKnownFileType = sourcecode.swift; path = HeroPlantCard.swift; sourceTree = "<group>"; };
		F78BC3BEE8C7E6322988001A /* GardenGenieApp.swift */ = {isa = PBXFileReference; lastKnownFileType = sourcecode.swift; path = GardenGenieApp.swift; sourceTree = "<group>"; };
		FA6B15379EEF655F7021EC19 /* TasksView.swift */ = {isa = PBXFileReference; lastKnownFileType = sourcecode.swift; path = TasksView.swift; sourceTree = "<group>"; };
		FB46D448DB213826DC78BCCC /* PlantRegionalVariant.swift */ = {isa = PBXFileReference; lastKnownFileType = sourcecode.swift; path = PlantRegionalVariant.swift; sourceTree = "<group>"; };
		FE0A8C6E74F3AD055B2FBD13 /* SearchSheet.swift */ = {isa = PBXFileReference; lastKnownFileType = sourcecode.swift; path = SearchSheet.swift; sourceTree = "<group>"; };
		A913746598BD483C8A250EB3 /* PlantSearchLoadingView.swift */ = {isa = PBXFileReference; lastKnownFileType = sourcecode.swift; path = PlantSearchLoadingView.swift; sourceTree = "<group>"; };
/* End PBXFileReference section */

/* Begin PBXFrameworksBuildPhase section */
		6085CA9DE6BF153BF6FF5B78 /* Frameworks */ = {
			isa = PBXFrameworksBuildPhase;
			buildActionMask = 2147483647;
			files = (
				465CAFBFDCC8D63D1BA7BCE9 /* Supabase in Frameworks */,
			);
			runOnlyForDeploymentPostprocessing = 0;
		};
/* End PBXFrameworksBuildPhase section */

/* Begin PBXGroup section */
		021C4AEDF944E97720E7F50D /* Views */ = {
			isa = PBXGroup;
			children = (
				B905F84493EB9EB95DA4BD19 /* MainTabView.swift */,
				D8BD7424A04CC20A40C975DF /* Components */,
				D5E6F7A8B9C0D1E2F3A4B5C6 /* Debug */,
				425B9B5E76C35DCE68E90C88 /* Explore */,
				1F7D2D16F648FDB1FC80A529 /* Garden */,
				26C89A67AB70CF57724C90EC /* Onboarding */,
				68450BF9A17764B529678F5A /* Settings */,
				B1A2888133DF0FE6C5041723 /* Shared */,
				BDFE2E3DAD087DB836E798AE /* Tasks */,
			);
			path = Views;
			sourceTree = "<group>";
		};
		D5E6F7A8B9C0D1E2F3A4B5C6 /* Debug */ = {
			isa = PBXGroup;
			children = (
				C4D5E6F7A8B9C0D1E2F3A4B5 /* IconDebugView.swift */,
			);
			path = Debug;
			sourceTree = "<group>";
		};
		1F69939F958AB44AB2A3FBE9 = {
			isa = PBXGroup;
			children = (
				3393CBF326B23C549644F544 /* GardenGenie */,
				8A6F2FE6AFBBB77CC58C8411 /* Products */,
			);
			sourceTree = "<group>";
		};
		1F7D2D16F648FDB1FC80A529 /* Garden */ = {
			isa = PBXGroup;
			children = (
				C1040F505A9D748C2711B1B6 /* CareDetailView.swift */,
				E94B35CCBAA1ED4504B5D88A /* HeroPlantCard.swift */,
				9C0A46C8FD1EE5CBEE159F74 /* MyGardenView.swift */,
				4C5B6B5E0AB5E6E0B9329370 /* PlantCardView.swift */,
				3C306C747EA4663BC55286DB /* PlantDetailView.swift */,
				D79379145143BA2DE3375BFB /* PlantingCompactCard.swift */,
				891D4191639B677064F177D6 /* PlantingDetailView.swift */,
				C8DD49DDF647A86BB77C79EE /* Helpers */,
			);
			path = Garden;
			sourceTree = "<group>";
		};
		26C89A67AB70CF57724C90EC /* Onboarding */ = {
			isa = PBXGroup;
			children = (
				08BD7B13D467EA02731F0996 /* OnboardingCoordinator.swift */,
				A7CD54BD4104F3EC9CC36941 /* OnboardingFeaturesView.swift */,
				306BF4A7EB344E4AB8CB4B0D /* OnboardingWelcomeView.swift */,
				809CA5478E2EFDA791ED7876 /* OnboardingZipCodeView.swift */,
				6C3C4B826387FCE1A891A570 /* OnboardingZoneResultView.swift */,
				F952366E82190F9ABB828B78 /* Components */,
			);
			path = Onboarding;
			sourceTree = "<group>";
		};
		3393CBF326B23C549644F544 /* GardenGenie */ = {
			isa = PBXGroup;
			children = (
				99EBE558FB4EB0C47DE0B191 /* Assets.xcassets */,
				FE3D330FCD6B314B5A2BA64F /* App */,
				9A644000FB69B89AA74B41A2 /* Data */,
				9AEB9E3747412B9DE554DF60 /* Models */,
				D72084A940197263273EDC2C /* Theme */,
				82D8634EF1AB8DC7D13A5380 /* ViewModels */,
				021C4AEDF944E97720E7F50D /* Views */,
			);
			path = GardenGenie;
			sourceTree = "<group>";
		};
		425B9B5E76C35DCE68E90C88 /* Explore */ = {
			isa = PBXGroup;
			children = (
				7C694D8B8E27A6C595B0DE56 /* ExploreView.swift */,
			);
			path = Explore;
			sourceTree = "<group>";
		};
		68450BF9A17764B529678F5A /* Settings */ = {
			isa = PBXGroup;
			children = (
				8704852BAD4B65B983767220 /* SettingsView.swift */,
			);
			path = Settings;
			sourceTree = "<group>";
		};
		82D8634EF1AB8DC7D13A5380 /* ViewModels */ = {
			isa = PBXGroup;
			children = (
				0BDC1D51C1CBBDD27DE251E7 /* GardenViewModel.swift */,
				0B98515D74BC8A81A012B6DB /* TaskViewModel.swift */,
			);
			path = ViewModels;
			sourceTree = "<group>";
		};
		8A6F2FE6AFBBB77CC58C8411 /* Products */ = {
			isa = PBXGroup;
			children = (
				ACE290D3BA454BBFA7164165 /* GardenGenie.app */,
			);
			name = Products;
			sourceTree = "<group>";
		};
		8EDB0EEAB2E5DD85D01D9062 /* Catalog */ = {
			isa = PBXGroup;
			children = (
				220971A13C516858C29CD150 /* CatalogPlant.swift */,
				2D1259F528C385140539CAE1 /* CatalogTypes.swift */,
				FB46D448DB213826DC78BCCC /* PlantRegionalVariant.swift */,
			);
			path = Catalog;
			sourceTree = "<group>";
		};
		9A644000FB69B89AA74B41A2 /* Data */ = {
			isa = PBXGroup;
			children = (
				8A161FFB4CAF3B4F8DC56059 /* CatalogPlantAdapter.swift */,
				0FE461A725D5AFCD6B189C1F /* MyGardenStore.swift */,
				D89CF77604B20B9D7551EADF /* PlantCatalogService.swift */,
				17D901BB48E34278A4810BFE /* SupabaseClient.swift */,
				0B95741C381666DEBD83479F /* USDAZoneLookup.swift */,
			);
			path = Data;
			sourceTree = "<group>";
		};
		9AEB9E3747412B9DE554DF60 /* Models */ = {
			isa = PBXGroup;
			children = (
				025BDB10BC0ACAB532966CEB /* GardenTask.swift */,
				C1B452E7A30B9D1847482194 /* Plant.swift */,
				98BF44D05EFC6E88D6CE1790 /* Plant+JSONB.swift */,
				BB7B6C980DF3216552C58C4A /* TaskKind.swift */,
				C914D04A216FEC118401C874 /* TaskRecurrence.swift */,
				8EDB0EEAB2E5DD85D01D9062 /* Catalog */,
			);
			path = Models;
			sourceTree = "<group>";
		};
		B1A2888133DF0FE6C5041723 /* Shared */ = {
			isa = PBXGroup;
			children = (
				21B1A6271ABE9BFBD2C568F0 /* PlantGridView.swift */,
			);
			path = Shared;
			sourceTree = "<group>";
		};
		BDFE2E3DAD087DB836E798AE /* Tasks */ = {
			isa = PBXGroup;
			children = (
				2E257F16410F743A1F948AF3 /* AddTaskSheet.swift */,
				A12F3ACDBDB9CD2A8020C65C /* AgendaDayHeader.swift */,
				06E9779BEA3CDD3B156A9749 /* OverdueSectionView.swift */,
				D8EBF596B00267E2B5F4FA44 /* ScheduleTaskSheet.swift */,
				9550F790FA9770B9EAF6E015 /* TaskDateLabel.swift */,
				C24332559CDA4FF8E1EB8A49 /* TaskDestinationView.swift */,
				77390E3BF3D2C9E933A273EF /* TaskRowView.swift */,
				FA6B15379EEF655F7021EC19 /* TasksView.swift */,
				8ADA335329706044BDA65359 /* WeekStripView.swift */,
			);
			path = Tasks;
			sourceTree = "<group>";
		};
		C8DD49DDF647A86BB77C79EE /* Helpers */ = {
			isa = PBXGroup;
			children = (
				41B35F7A1BF77EF084A2E28C /* MonthDateParser.swift */,
			);
			path = Helpers;
			sourceTree = "<group>";
		};
		D72084A940197263273EDC2C /* Theme */ = {
			isa = PBXGroup;
			children = (
				D417A902A6ADFF22B0A6F1EC /* AppTheme.swift */,
				F2E1D0C9B8A7F6E5D4C3B2A1 /* Image+Symbol.swift */,
			);
			path = Theme;
			sourceTree = "<group>";
		};
		D8BD7424A04CC20A40C975DF /* Components */ = {
			isa = PBXGroup;
			children = (
				A913746598BD483C8A250EB3 /* PlantSearchLoadingView.swift */,
				B03EE3D674CE449E2431DB4E /* QuickAddSheet.swift */,
				FE0A8C6E74F3AD055B2FBD13 /* SearchSheet.swift */,
			);
			path = Components;
			sourceTree = "<group>";
		};
		F952366E82190F9ABB828B78 /* Components */ = {
			isa = PBXGroup;
			children = (
				4C4AC0E3097CB0D8858E5F73 /* OnboardingPageIndicator.swift */,
			);
			path = Components;
			sourceTree = "<group>";
		};
		FE3D330FCD6B314B5A2BA64F /* App */ = {
			isa = PBXGroup;
			children = (
				F78BC3BEE8C7E6322988001A /* GardenGenieApp.swift */,
			);
			path = App;
			sourceTree = "<group>";
		};
/* End PBXGroup section */

/* Begin PBXNativeTarget section */
		BA1B0520A50EFE17B1FB33A6 /* GardenGenie */ = {
			isa = PBXNativeTarget;
			buildConfigurationList = 599F9B81234026136B22935E /* Build configuration list for PBXNativeTarget "GardenGenie" */;
			buildPhases = (
				A19D9F31D28FB204B782171C /* Sources */,
				9FFA1056C7F02E2B50CAEF4C /* Resources */,
				6085CA9DE6BF153BF6FF5B78 /* Frameworks */,
			);
			buildRules = (
			);
			dependencies = (
			);
			name = GardenGenie;
			packageProductDependencies = (
				90D4100AC0E5005B4B7843B1 /* Supabase */,
			);
			productName = GardenGenie;
			productReference = ACE290D3BA454BBFA7164165 /* GardenGenie.app */;
			productType = "com.apple.product-type.application";
		};
/* End PBXNativeTarget section */

/* Begin PBXProject section */
		3E5A86EF8BD6F028C71DC094 /* Project object */ = {
			isa = PBXProject;
			attributes = {
				BuildIndependentTargetsInParallel = YES;
				LastUpgradeCheck = 1430;
				TargetAttributes = {
				};
			};
			buildConfigurationList = 6D9D523D816BDC1E8E311CB1 /* Build configuration list for PBXProject "GardenGenie" */;
			developmentRegion = en;
			hasScannedForEncodings = 0;
			knownRegions = (
				Base,
				en,
			);
			mainGroup = 1F69939F958AB44AB2A3FBE9;
			minimizedProjectReferenceProxies = 1;
			packageReferences = (
				238858C9128099FC2250EEF5 /* XCRemoteSwiftPackageReference "supabase-swift" */,
			);
			preferredProjectObjectVersion = 77;
			productRefGroup = 8A6F2FE6AFBBB77CC58C8411 /* Products */;
			projectDirPath = "";
			projectRoot = "";
			targets = (
				BA1B0520A50EFE17B1FB33A6 /* GardenGenie */,
			);
		};
/* End PBXProject section */

/* Begin PBXResourcesBuildPhase section */
		9FFA1056C7F02E2B50CAEF4C /* Resources */ = {
			isa = PBXResourcesBuildPhase;
			buildActionMask = 2147483647;
			files = (
				3C226B5711ECE9766262CC54 /* Assets.xcassets in Resources */,
			);
			runOnlyForDeploymentPostprocessing = 0;
		};
/* End PBXResourcesBuildPhase section */

/* Begin PBXSourcesBuildPhase section */
		A19D9F31D28FB204B782171C /* Sources */ = {
			isa = PBXSourcesBuildPhase;
			buildActionMask = 2147483647;
			files = (
				D8F7E9189F21E5E8934383DA /* AddTaskSheet.swift in Sources */,
				9188D108526ECE074E42D512 /* AgendaDayHeader.swift in Sources */,
				CF88C73D2874A4292F095620 /* AppTheme.swift in Sources */,
				A1B2C3D4E5F6A7B8C9D0E1F2 /* Image+Symbol.swift in Sources */,
				B3C4D5E6F7A8B9C0D1E2F3A4 /* IconDebugView.swift in Sources */,
				36DC89D5C9F30C773C028C93 /* CareDetailView.swift in Sources */,
				C568250CFA44A580DA16E1DC /* CatalogPlant.swift in Sources */,
				D170D4E082338A782103E664 /* CatalogPlantAdapter.swift in Sources */,
				19F65A55CAE298FA6C3194F5 /* CatalogTypes.swift in Sources */,
				31B1912F887D91A3F6B178C8 /* ExploreView.swift in Sources */,
				50B86E705DD0DC4E04BCA441 /* GardenGenieApp.swift in Sources */,
				851A9D13DADDB9486B63BD3B /* GardenTask.swift in Sources */,
				3BD29E6B1E5E79D9C85B0375 /* GardenViewModel.swift in Sources */,
				EB6EA988E0D4B4CEEC1ED39C /* HeroPlantCard.swift in Sources */,
				4BA88A46BADAB4DC6F16D38D /* MainTabView.swift in Sources */,
				EA0766A6AEBFA2EA2B166586 /* MonthDateParser.swift in Sources */,
				57ACEB1CC8DEEB004DA899FB /* MyGardenStore.swift in Sources */,
				A07FC85BBFFCF1E0BB80A61A /* MyGardenView.swift in Sources */,
				018A4F722E7595A0C3F86C09 /* OnboardingCoordinator.swift in Sources */,
				A1E3A0DDCB44075C0232C1E6 /* OnboardingFeaturesView.swift in Sources */,
				F0E41A527EC900695568E1A5 /* OnboardingPageIndicator.swift in Sources */,
				45CC11937941017391A892AD /* OnboardingWelcomeView.swift in Sources */,
				2386509589D3B3A3FDEAD441 /* OnboardingZipCodeView.swift in Sources */,
				71245B635D98B55A671DBB8A /* OnboardingZoneResultView.swift in Sources */,
				0FAFA853A5DB243C03390AD0 /* OverdueSectionView.swift in Sources */,
				F45ED16A97B276335282DC23 /* Plant+JSONB.swift in Sources */,
				A18854385606D3BF5E66EEC0 /* Plant.swift in Sources */,
				A201E116C0A3E277D7B0172F /* PlantCardView.swift in Sources */,
				B56718162FA3BB5BB7201AF3 /* PlantCatalogService.swift in Sources */,
				1F14AC2A7D778CD47854C820 /* PlantDetailView.swift in Sources */,
				8A77ACEBFCB603373E755847 /* PlantGridView.swift in Sources */,
				27D2D9DB38D1770818BD9502 /* PlantRegionalVariant.swift in Sources */,
				58523245AB374F599BEE422A /* PlantingCompactCard.swift in Sources */,
				3CD004476E8279EE92D28224 /* PlantingDetailView.swift in Sources */,
				82DDDFD5C8169F1AB88034B2 /* QuickAddSheet.swift in Sources */,
				799A40012DE86C885BBB6FF2 /* ScheduleTaskSheet.swift in Sources */,
				A913746598AD483C8A250EB3 /* PlantSearchLoadingView.swift in Sources */,
				7977CC21A1B5E032D9F996E1 /* SearchSheet.swift in Sources */,
				9481512F0D0A9BBC831E168E /* SettingsView.swift in Sources */,
				6F50D399D3EDDAE8D94AB9AC /* SupabaseClient.swift in Sources */,
				923B7CC33F1C777C6987235F /* TaskDateLabel.swift in Sources */,
				8ED6379937719877389C3608 /* TaskDestinationView.swift in Sources */,
				81EAAE7879009C60267963E2 /* TaskKind.swift in Sources */,
				7EA3D763C0B1D2E3CDA8DAFB /* TaskRecurrence.swift in Sources */,
				2653D8DF67CD932D826ED570 /* TaskRowView.swift in Sources */,
				90943BE8F1F18461279466CD /* TaskViewModel.swift in Sources */,
				B51192DD1DE2C112030CB045 /* TasksView.swift in Sources */,
				748CF7E21F1507F80CE2920B /* USDAZoneLookup.swift in Sources */,
				3C5EE351C28AF920D118553C /* WeekStripView.swift in Sources */,
			);
			runOnlyForDeploymentPostprocessing = 0;
		};
/* End PBXSourcesBuildPhase section */

/* Begin XCBuildConfiguration section */
		03A160530E76B48ACDD0AE97 /* Release */ = {
			isa = XCBuildConfiguration;
			buildSettings = {
				ASSETCATALOG_COMPILER_APPICON_NAME = AppIcon;
				ASSETCATALOG_COMPILER_GLOBAL_ACCENT_COLOR_NAME = AccentColor;
				CODE_SIGN_IDENTITY = "iPhone Developer";
				CURRENT_PROJECT_VERSION = 1;
				INFOPLIST_KEY_CFBundleDisplayName = GardenGenie;
				LD_RUNPATH_SEARCH_PATHS = (
					"$(inherited)",
					"@executable_path/Frameworks",
				);
				MARKETING_VERSION = 1.0;
				PRODUCT_BUNDLE_IDENTIFIER = com.gardengenie.app;
				PRODUCT_NAME = GardenGenie;
				SDKROOT = iphoneos;
				TARGETED_DEVICE_FAMILY = "1,2";
			};
			name = Release;
		};
		1068D8B12F836E35DE25DEB0 /* Release */ = {
			isa = XCBuildConfiguration;
			buildSettings = {
				ALWAYS_SEARCH_USER_PATHS = NO;
				CLANG_ANALYZER_NONNULL = YES;
				CLANG_ANALYZER_NUMBER_OBJECT_CONVERSION = YES_AGGRESSIVE;
				CLANG_CXX_LANGUAGE_STANDARD = "gnu++14";
				CLANG_CXX_LIBRARY = "libc++";
				CLANG_ENABLE_MODULES = YES;
				CLANG_ENABLE_OBJC_ARC = YES;
				CLANG_ENABLE_OBJC_WEAK = YES;
				CLANG_WARN_BLOCK_CAPTURE_AUTORELEASING = YES;
				CLANG_WARN_BOOL_CONVERSION = YES;
				CLANG_WARN_COMMA = YES;
				CLANG_WARN_CONSTANT_CONVERSION = YES;
				CLANG_WARN_DEPRECATED_OBJC_IMPLEMENTATIONS = YES;
				CLANG_WARN_DIRECT_OBJC_ISA_USAGE = YES_ERROR;
				CLANG_WARN_DOCUMENTATION_COMMENTS = YES;
				CLANG_WARN_EMPTY_BODY = YES;
				CLANG_WARN_ENUM_CONVERSION = YES;
				CLANG_WARN_INFINITE_RECURSION = YES;
				CLANG_WARN_INT_CONVERSION = YES;
				CLANG_WARN_NON_LITERAL_NULL_CONVERSION = YES;
				CLANG_WARN_OBJC_IMPLICIT_RETAIN_SELF = YES;
				CLANG_WARN_OBJC_LITERAL_CONVERSION = YES;
				CLANG_WARN_OBJC_ROOT_CLASS = YES_ERROR;
				CLANG_WARN_QUOTED_INCLUDE_IN_FRAMEWORK_HEADER = YES;
				CLANG_WARN_RANGE_LOOP_ANALYSIS = YES;
				CLANG_WARN_STRICT_PROTOTYPES = YES;
				CLANG_WARN_SUSPICIOUS_MOVE = YES;
				CLANG_WARN_UNGUARDED_AVAILABILITY = YES_AGGRESSIVE;
				CLANG_WARN_UNREACHABLE_CODE = YES;
				CLANG_WARN__DUPLICATE_METHOD_MATCH = YES;
				COPY_PHASE_STRIP = NO;
				DEBUG_INFORMATION_FORMAT = "dwarf-with-dsym";
				ENABLE_NS_ASSERTIONS = NO;
				ENABLE_PREVIEWS = YES;
				ENABLE_STRICT_OBJC_MSGSEND = YES;
				GCC_C_LANGUAGE_STANDARD = gnu11;
				GCC_NO_COMMON_BLOCKS = YES;
				GCC_WARN_64_TO_32_BIT_CONVERSION = YES;
				GCC_WARN_ABOUT_RETURN_TYPE = YES_ERROR;
				GCC_WARN_UNDECLARED_SELECTOR = YES;
				GCC_WARN_UNINITIALIZED_AUTOS = YES_AGGRESSIVE;
				GCC_WARN_UNUSED_FUNCTION = YES;
				GCC_WARN_UNUSED_VARIABLE = YES;
				GENERATE_INFOPLIST_FILE = YES;
				INFOPLIST_KEY_UIApplicationSceneManifest_Generation = YES;
				INFOPLIST_KEY_UILaunchScreen_Generation = YES;
				INFOPLIST_KEY_UISupportedInterfaceOrientations_iPhone = "UIInterfaceOrientationPortrait UIInterfaceOrientationLandscapeLeft UIInterfaceOrientationLandscapeRight";
				IPHONEOS_DEPLOYMENT_TARGET = 26.0;
				MTL_ENABLE_DEBUG_INFO = NO;
				MTL_FAST_MATH = YES;
				PRODUCT_NAME = "$(TARGET_NAME)";
				SDKROOT = iphoneos;
				SWIFT_COMPILATION_MODE = wholemodule;
				SWIFT_OPTIMIZATION_LEVEL = "-O";
				SWIFT_STRICT_CONCURRENCY = minimal;
				SWIFT_VERSION = 6.0;
				TARGETED_DEVICE_FAMILY = "1,2";
			};
			name = Release;
		};
		B8D0AB55F6CC0B799FBAC7CF /* Debug */ = {
			isa = XCBuildConfiguration;
			buildSettings = {
				ASSETCATALOG_COMPILER_APPICON_NAME = AppIcon;
				ASSETCATALOG_COMPILER_GLOBAL_ACCENT_COLOR_NAME = AccentColor;
				CODE_SIGN_IDENTITY = "iPhone Developer";
				CURRENT_PROJECT_VERSION = 1;
				INFOPLIST_KEY_CFBundleDisplayName = GardenGenie;
				LD_RUNPATH_SEARCH_PATHS = (
					"$(inherited)",
					"@executable_path/Frameworks",
				);
				MARKETING_VERSION = 1.0;
				PRODUCT_BUNDLE_IDENTIFIER = com.gardengenie.app;
				PRODUCT_NAME = GardenGenie;
				SDKROOT = iphoneos;
				TARGETED_DEVICE_FAMILY = "1,2";
			};
			name = Debug;
		};
		EC0883BFCD010C06AA71C4E0 /* Debug */ = {
			isa = XCBuildConfiguration;
			buildSettings = {
				ALWAYS_SEARCH_USER_PATHS = NO;
				CLANG_ANALYZER_NONNULL = YES;
				CLANG_ANALYZER_NUMBER_OBJECT_CONVERSION = YES_AGGRESSIVE;
				CLANG_CXX_LANGUAGE_STANDARD = "gnu++14";
				CLANG_CXX_LIBRARY = "libc++";
				CLANG_ENABLE_MODULES = YES;
				CLANG_ENABLE_OBJC_ARC = YES;
				CLANG_ENABLE_OBJC_WEAK = YES;
				CLANG_WARN_BLOCK_CAPTURE_AUTORELEASING = YES;
				CLANG_WARN_BOOL_CONVERSION = YES;
				CLANG_WARN_COMMA = YES;
				CLANG_WARN_CONSTANT_CONVERSION = YES;
				CLANG_WARN_DEPRECATED_OBJC_IMPLEMENTATIONS = YES;
				CLANG_WARN_DIRECT_OBJC_ISA_USAGE = YES_ERROR;
				CLANG_WARN_DOCUMENTATION_COMMENTS = YES;
				CLANG_WARN_EMPTY_BODY = YES;
				CLANG_WARN_ENUM_CONVERSION = YES;
				CLANG_WARN_INFINITE_RECURSION = YES;
				CLANG_WARN_INT_CONVERSION = YES;
				CLANG_WARN_NON_LITERAL_NULL_CONVERSION = YES;
				CLANG_WARN_OBJC_IMPLICIT_RETAIN_SELF = YES;
				CLANG_WARN_OBJC_LITERAL_CONVERSION = YES;
				CLANG_WARN_OBJC_ROOT_CLASS = YES_ERROR;
				CLANG_WARN_QUOTED_INCLUDE_IN_FRAMEWORK_HEADER = YES;
				CLANG_WARN_RANGE_LOOP_ANALYSIS = YES;
				CLANG_WARN_STRICT_PROTOTYPES = YES;
				CLANG_WARN_SUSPICIOUS_MOVE = YES;
				CLANG_WARN_UNGUARDED_AVAILABILITY = YES_AGGRESSIVE;
				CLANG_WARN_UNREACHABLE_CODE = YES;
				CLANG_WARN__DUPLICATE_METHOD_MATCH = YES;
				COPY_PHASE_STRIP = NO;
				DEBUG_INFORMATION_FORMAT = dwarf;
				ENABLE_PREVIEWS = YES;
				ENABLE_STRICT_OBJC_MSGSEND = YES;
				ENABLE_TESTABILITY = YES;
				GCC_C_LANGUAGE_STANDARD = gnu11;
				GCC_DYNAMIC_NO_PIC = NO;
				GCC_NO_COMMON_BLOCKS = YES;
				GCC_OPTIMIZATION_LEVEL = 0;
				GCC_PREPROCESSOR_DEFINITIONS = (
					"$(inherited)",
					"DEBUG=1",
				);
				GCC_WARN_64_TO_32_BIT_CONVERSION = YES;
				GCC_WARN_ABOUT_RETURN_TYPE = YES_ERROR;
				GCC_WARN_UNDECLARED_SELECTOR = YES;
				GCC_WARN_UNINITIALIZED_AUTOS = YES_AGGRESSIVE;
				GCC_WARN_UNUSED_FUNCTION = YES;
				GCC_WARN_UNUSED_VARIABLE = YES;
				GENERATE_INFOPLIST_FILE = YES;
				INFOPLIST_KEY_UIApplicationSceneManifest_Generation = YES;
				INFOPLIST_KEY_UILaunchScreen_Generation = YES;
				INFOPLIST_KEY_UISupportedInterfaceOrientations_iPhone = "UIInterfaceOrientationPortrait UIInterfaceOrientationLandscapeLeft UIInterfaceOrientationLandscapeRight";
				IPHONEOS_DEPLOYMENT_TARGET = 26.0;
				MTL_ENABLE_DEBUG_INFO = INCLUDE_SOURCE;
				MTL_FAST_MATH = YES;
				ONLY_ACTIVE_ARCH = YES;
				PRODUCT_NAME = "$(TARGET_NAME)";
				SDKROOT = iphoneos;
				SWIFT_ACTIVE_COMPILATION_CONDITIONS = DEBUG;
				SWIFT_OPTIMIZATION_LEVEL = "-Onone";
				SWIFT_STRICT_CONCURRENCY = minimal;
				SWIFT_VERSION = 6.0;
				TARGETED_DEVICE_FAMILY = "1,2";
			};
			name = Debug;
		};
/* End XCBuildConfiguration section */

/* Begin XCConfigurationList section */
		599F9B81234026136B22935E /* Build configuration list for PBXNativeTarget "GardenGenie" */ = {
			isa = XCConfigurationList;
			buildConfigurations = (
				B8D0AB55F6CC0B799FBAC7CF /* Debug */,
				03A160530E76B48ACDD0AE97 /* Release */,
			);
			defaultConfigurationIsVisible = 0;
			defaultConfigurationName = Debug;
		};
		6D9D523D816BDC1E8E311CB1 /* Build configuration list for PBXProject "GardenGenie" */ = {
			isa = XCConfigurationList;
			buildConfigurations = (
				EC0883BFCD010C06AA71C4E0 /* Debug */,
				1068D8B12F836E35DE25DEB0 /* Release */,
			);
			defaultConfigurationIsVisible = 0;
			defaultConfigurationName = Debug;
		};
/* End XCConfigurationList section */

/* Begin XCRemoteSwiftPackageReference section */
		238858C9128099FC2250EEF5 /* XCRemoteSwiftPackageReference "supabase-swift" */ = {
			isa = XCRemoteSwiftPackageReference;
			repositoryURL = "https://github.com/supabase/supabase-swift";
			requirement = {
				kind = upToNextMajorVersion;
				minimumVersion = 2.0.0;
			};
		};
/* End XCRemoteSwiftPackageReference section */

/* Begin XCSwiftPackageProductDependency section */
		90D4100AC0E5005B4B7843B1 /* Supabase */ = {
			isa = XCSwiftPackageProductDependency;
			package = 238858C9128099FC2250EEF5 /* XCRemoteSwiftPackageReference "supabase-swift" */;
			productName = Supabase;
		};
/* End XCSwiftPackageProductDependency section */
	};
	rootObject = 3E5A86EF8BD6F028C71DC094 /* Project object */;
}
